
Microsoft Visual Studio Solution File, Format Version 10.00
# Visual Studio 2008
Project("{FAE04EC0-301F-11D3-BF4B-00C04F79EFBC}") = "bai55", "bai55\bai55.csproj", "{0DFED9AF-A70B-41C1-B2F6-074F3942375A}"
EndProject
Global
	GlobalSection(SolutionConfigurationPlatforms) = preSolution
		Debug|Any CPU = Debug|Any CPU
		Release|Any CPU = Release|Any CPU
	EndGlobalSection
	GlobalSection(ProjectConfigurationPlatforms) = postSolution
		{0DFED9AF-A70B-41C1-B2F6-074F3942375A}.Debug|Any CPU.ActiveCfg = Debug|Any CPU
		{0DFED9AF-A70B-41C1-B2F6-074F3942375A}.Debug|Any CPU.Build.0 = Debug|Any CPU
		{0DFED9AF-A70B-41C1-B2F6-074F3942375A}.Release|Any CPU.ActiveCfg = Release|Any CPU
		{0DFED9AF-A70B-41C1-B2F6-074F3942375A}.Release|Any CPU.Build.0 = Release|Any CPU
	EndGlobalSection
	GlobalSection(SolutionProperties) = preSolution
		HideSolutionNode = FALSE
	EndGlobalSection
EndGlobal
