
Microsoft Visual Studio Solution File, Format Version 10.00
# Visual Studio 2008
Project("{FAE04EC0-301F-11D3-BF4B-00C04F79EFBC}") = "Class_and_object", "Class_and_object\Class_and_object.csproj", "{981614B7-4585-4D1D-8736-3CBE0ACF0015}"
EndProject
Global
	GlobalSection(SolutionConfigurationPlatforms) = preSolution
		Debug|Any CPU = Debug|Any CPU
		Release|Any CPU = Release|Any CPU
	EndGlobalSection
	GlobalSection(ProjectConfigurationPlatforms) = postSolution
		{981614B7-4585-4D1D-8736-3CBE0ACF0015}.Debug|Any CPU.ActiveCfg = Debug|Any CPU
		{981614B7-4585-4D1D-8736-3CBE0ACF0015}.Debug|Any CPU.Build.0 = Debug|Any CPU
		{981614B7-4585-4D1D-8736-3CBE0ACF0015}.Release|Any CPU.ActiveCfg = Release|Any CPU
		{981614B7-4585-4D1D-8736-3CBE0ACF0015}.Release|Any CPU.Build.0 = Release|Any CPU
	EndGlobalSection
	GlobalSection(SolutionProperties) = preSolution
		HideSolutionNode = FALSE
	EndGlobalSection
EndGlobal
